
Microsoft Visual Studio Solution File, Format Version 12.00
# Visual Studio Version 16
VisualStudioVersion = 16.0.29102.190
MinimumVisualStudioVersion = 10.0.40219.1
Project("{FAE04EC0-301F-11D3-BF4B-00C04F79EFBC}") = "ParamVessel", "ParamVessel\ParamVessel.csproj", "{F809FAF5-E9AD-42C6-9F55-860DED4D75ED}"
EndProject
Project("{FAE04EC0-301F-11D3-BF4B-00C04F79EFBC}") = "MeowDSIO", "MeowDSIO\MeowDSIO\MeowDSIO.csproj", "{4AD69470-8146-4D20-94F0-DA9844EEE5A2}"
EndProject
Project("{FAE04EC0-301F-11D3-BF4B-00C04F79EFBC}") = "SoulsFormats", "SoulsFormats\SoulsFormats.csproj", "{22C664BD-877B-44DF-8ECF-2808522469A8}"
EndProject
Global
	GlobalSection(SolutionConfigurationPlatforms) = preSolution
		Debug|Any CPU = Debug|Any CPU
		Debug|x64 = Debug|x64
		Release|Any CPU = Release|Any CPU
		Release|x64 = Release|x64
	EndGlobalSection
	GlobalSection(ProjectConfigurationPlatforms) = postSolution
		{F809FAF5-E9AD-42C6-9F55-860DED4D75ED}.Debug|Any CPU.ActiveCfg = Debug|Any CPU
		{F809FAF5-E9AD-42C6-9F55-860DED4D75ED}.Debug|Any CPU.Build.0 = Debug|Any CPU
		{F809FAF5-E9AD-42C6-9F55-860DED4D75ED}.Debug|x64.ActiveCfg = Debug|Any CPU
		{F809FAF5-E9AD-42C6-9F55-860DED4D75ED}.Debug|x64.Build.0 = Debug|Any CPU
		{F809FAF5-E9AD-42C6-9F55-860DED4D75ED}.Release|Any CPU.ActiveCfg = Release|Any CPU
		{F809FAF5-E9AD-42C6-9F55-860DED4D75ED}.Release|Any CPU.Build.0 = Release|Any CPU
		{F809FAF5-E9AD-42C6-9F55-860DED4D75ED}.Release|x64.ActiveCfg = Release|Any CPU
		{F809FAF5-E9AD-42C6-9F55-860DED4D75ED}.Release|x64.Build.0 = Release|Any CPU
		{4AD69470-8146-4D20-94F0-DA9844EEE5A2}.Debug|Any CPU.ActiveCfg = Debug|Any CPU
		{4AD69470-8146-4D20-94F0-DA9844EEE5A2}.Debug|Any CPU.Build.0 = Debug|Any CPU
		{4AD69470-8146-4D20-94F0-DA9844EEE5A2}.Debug|x64.ActiveCfg = Debug|x64
		{4AD69470-8146-4D20-94F0-DA9844EEE5A2}.Debug|x64.Build.0 = Debug|x64
		{4AD69470-8146-4D20-94F0-DA9844EEE5A2}.Release|Any CPU.ActiveCfg = Release|Any CPU
		{4AD69470-8146-4D20-94F0-DA9844EEE5A2}.Release|Any CPU.Build.0 = Release|Any CPU
		{4AD69470-8146-4D20-94F0-DA9844EEE5A2}.Release|x64.ActiveCfg = Release|x64
		{4AD69470-8146-4D20-94F0-DA9844EEE5A2}.Release|x64.Build.0 = Release|x64
		{22C664BD-877B-44DF-8ECF-2808522469A8}.Debug|Any CPU.ActiveCfg = Debug|Any CPU
		{22C664BD-877B-44DF-8ECF-2808522469A8}.Debug|Any CPU.Build.0 = Debug|Any CPU
		{22C664BD-877B-44DF-8ECF-2808522469A8}.Debug|x64.ActiveCfg = Debug|x64
		{22C664BD-877B-44DF-8ECF-2808522469A8}.Debug|x64.Build.0 = Debug|x64
		{22C664BD-877B-44DF-8ECF-2808522469A8}.Release|Any CPU.ActiveCfg = Release|Any CPU
		{22C664BD-877B-44DF-8ECF-2808522469A8}.Release|Any CPU.Build.0 = Release|Any CPU
		{22C664BD-877B-44DF-8ECF-2808522469A8}.Release|x64.ActiveCfg = Release|x64
		{22C664BD-877B-44DF-8ECF-2808522469A8}.Release|x64.Build.0 = Release|x64
	EndGlobalSection
	GlobalSection(SolutionProperties) = preSolution
		HideSolutionNode = FALSE
	EndGlobalSection
	GlobalSection(ExtensibilityGlobals) = postSolution
		SolutionGuid = {CB8810E1-8EC4-4810-8333-53BE0B525C40}
	EndGlobalSection
EndGlobal
