
Microsoft Visual Studio Solution File, Format Version 12.00
# Visual Studio 15
VisualStudioVersion = 15.0.27004.2006
MinimumVisualStudioVersion = 10.0.40219.1
Project("{FAE04EC0-301F-11D3-BF4B-00C04F79EFBC}") = "ParamVessel", "ParamVessel\ParamVessel.csproj", "{F809FAF5-E9AD-42C6-9F55-860DED4D75ED}"
EndProject
Project("{FAE04EC0-301F-11D3-BF4B-00C04F79EFBC}") = "MeowDSIO", "MeowDSIO\MeowDSIO\MeowDSIO.csproj", "{4AD69470-8146-4D20-94F0-DA9844EEE5A2}"
EndProject
Project("{FAE04EC0-301F-11D3-BF4B-00C04F79EFBC}") = "PTDA_Porter", "PTDA_Porter\PTDA_Porter.csproj", "{1C3B37A4-5BD1-40F6-BE48-D9E118B46BE9}"
EndProject
Global
	GlobalSection(SolutionConfigurationPlatforms) = preSolution
		Debug|Any CPU = Debug|Any CPU
		DebugR|Any CPU = DebugR|Any CPU
		Release|Any CPU = Release|Any CPU
		ReleaseR|Any CPU = ReleaseR|Any CPU
	EndGlobalSection
	GlobalSection(ProjectConfigurationPlatforms) = postSolution
		{F809FAF5-E9AD-42C6-9F55-860DED4D75ED}.Debug|Any CPU.ActiveCfg = Debug|Any CPU
		{F809FAF5-E9AD-42C6-9F55-860DED4D75ED}.Debug|Any CPU.Build.0 = Debug|Any CPU
		{F809FAF5-E9AD-42C6-9F55-860DED4D75ED}.DebugR|Any CPU.ActiveCfg = DebugR|Any CPU
		{F809FAF5-E9AD-42C6-9F55-860DED4D75ED}.DebugR|Any CPU.Build.0 = DebugR|Any CPU
		{F809FAF5-E9AD-42C6-9F55-860DED4D75ED}.Release|Any CPU.ActiveCfg = Release|Any CPU
		{F809FAF5-E9AD-42C6-9F55-860DED4D75ED}.Release|Any CPU.Build.0 = Release|Any CPU
		{F809FAF5-E9AD-42C6-9F55-860DED4D75ED}.ReleaseR|Any CPU.ActiveCfg = ReleaseR|Any CPU
		{F809FAF5-E9AD-42C6-9F55-860DED4D75ED}.ReleaseR|Any CPU.Build.0 = ReleaseR|Any CPU
		{4AD69470-8146-4D20-94F0-DA9844EEE5A2}.Debug|Any CPU.ActiveCfg = Debug|Any CPU
		{4AD69470-8146-4D20-94F0-DA9844EEE5A2}.Debug|Any CPU.Build.0 = Debug|Any CPU
		{4AD69470-8146-4D20-94F0-DA9844EEE5A2}.DebugR|Any CPU.ActiveCfg = Debug|Any CPU
		{4AD69470-8146-4D20-94F0-DA9844EEE5A2}.DebugR|Any CPU.Build.0 = Debug|Any CPU
		{4AD69470-8146-4D20-94F0-DA9844EEE5A2}.Release|Any CPU.ActiveCfg = Release|Any CPU
		{4AD69470-8146-4D20-94F0-DA9844EEE5A2}.Release|Any CPU.Build.0 = Release|Any CPU
		{4AD69470-8146-4D20-94F0-DA9844EEE5A2}.ReleaseR|Any CPU.ActiveCfg = Release|Any CPU
		{4AD69470-8146-4D20-94F0-DA9844EEE5A2}.ReleaseR|Any CPU.Build.0 = Release|Any CPU
		{1C3B37A4-5BD1-40F6-BE48-D9E118B46BE9}.Debug|Any CPU.ActiveCfg = Debug|Any CPU
		{1C3B37A4-5BD1-40F6-BE48-D9E118B46BE9}.Debug|Any CPU.Build.0 = Debug|Any CPU
		{1C3B37A4-5BD1-40F6-BE48-D9E118B46BE9}.DebugR|Any CPU.ActiveCfg = Debug|Any CPU
		{1C3B37A4-5BD1-40F6-BE48-D9E118B46BE9}.DebugR|Any CPU.Build.0 = Debug|Any CPU
		{1C3B37A4-5BD1-40F6-BE48-D9E118B46BE9}.Release|Any CPU.ActiveCfg = Release|Any CPU
		{1C3B37A4-5BD1-40F6-BE48-D9E118B46BE9}.Release|Any CPU.Build.0 = Release|Any CPU
		{1C3B37A4-5BD1-40F6-BE48-D9E118B46BE9}.ReleaseR|Any CPU.ActiveCfg = Release|Any CPU
		{1C3B37A4-5BD1-40F6-BE48-D9E118B46BE9}.ReleaseR|Any CPU.Build.0 = Release|Any CPU
	EndGlobalSection
	GlobalSection(SolutionProperties) = preSolution
		HideSolutionNode = FALSE
	EndGlobalSection
	GlobalSection(ExtensibilityGlobals) = postSolution
		SolutionGuid = {CB8810E1-8EC4-4810-8333-53BE0B525C40}
	EndGlobalSection
EndGlobal
